
Microsoft Visual Studio Solution File, Format Version 12.00
# Visual Studio Version 16
VisualStudioVersion = 16.0.29020.237
MinimumVisualStudioVersion = 10.0.40219.1
Project("{FAE04EC0-301F-11D3-BF4B-00C04F79EFBC}") = "CityInfo", "CityInfo\CityInfo.csproj", "{BE270DE3-F67F-492D-974D-83B16CC09AF4}"
EndProject
Global
	GlobalSection(SolutionConfigurationPlatforms) = preSolution
		Debug|Any CPU = Debug|Any CPU
		Release|Any CPU = Release|Any CPU
	EndGlobalSection
	GlobalSection(ProjectConfigurationPlatforms) = postSolution
		{BE270DE3-F67F-492D-974D-83B16CC09AF4}.Debug|Any CPU.ActiveCfg = Debug|Any CPU
		{BE270DE3-F67F-492D-974D-83B16CC09AF4}.Debug|Any CPU.Build.0 = Debug|Any CPU
		{BE270DE3-F67F-492D-974D-83B16CC09AF4}.Release|Any CPU.ActiveCfg = Release|Any CPU
		{BE270DE3-F67F-492D-974D-83B16CC09AF4}.Release|Any CPU.Build.0 = Release|Any CPU
	EndGlobalSection
	GlobalSection(SolutionProperties) = preSolution
		HideSolutionNode = FALSE
	EndGlobalSection
	GlobalSection(ExtensibilityGlobals) = postSolution
		SolutionGuid = {B2D18162-70CE-418E-B0FD-1E3F022AA8E1}
	EndGlobalSection
EndGlobal
